
Microsoft Visual Studio Solution File, Format Version 12.00
Project("{FAE04EC0-301F-11D3-BF4B-00C04F79EFBC}") = "Main", "Main\Main.csproj", "{94188A73-C841-44B3-8A91-54917FDBAB5A}"
EndProject
Project("{FAE04EC0-301F-11D3-BF4B-00C04F79EFBC}") = "Tests", "Tests\Tests.csproj", "{A3C298F9-A4A5-4C1F-B55D-FD3ED102FB49}"
EndProject
Global
	GlobalSection(SolutionConfigurationPlatforms) = preSolution
		Debug|Any CPU = Debug|Any CPU
		Release|Any CPU = Release|Any CPU
	EndGlobalSection
	GlobalSection(ProjectConfigurationPlatforms) = postSolution
		{94188A73-C841-44B3-8A91-54917FDBAB5A}.Debug|Any CPU.ActiveCfg = Debug|Any CPU
		{94188A73-C841-44B3-8A91-54917FDBAB5A}.Debug|Any CPU.Build.0 = Debug|Any CPU
		{94188A73-C841-44B3-8A91-54917FDBAB5A}.Release|Any CPU.ActiveCfg = Release|Any CPU
		{94188A73-C841-44B3-8A91-54917FDBAB5A}.Release|Any CPU.Build.0 = Release|Any CPU
		{A3C298F9-A4A5-4C1F-B55D-FD3ED102FB49}.Debug|Any CPU.ActiveCfg = Debug|Any CPU
		{A3C298F9-A4A5-4C1F-B55D-FD3ED102FB49}.Debug|Any CPU.Build.0 = Debug|Any CPU
		{A3C298F9-A4A5-4C1F-B55D-FD3ED102FB49}.Release|Any CPU.ActiveCfg = Release|Any CPU
		{A3C298F9-A4A5-4C1F-B55D-FD3ED102FB49}.Release|Any CPU.Build.0 = Release|Any CPU
	EndGlobalSection
EndGlobal
